
Microsoft Visual Studio Solution File, Format Version 12.00
# Visual Studio Version 17
VisualStudioVersion = 17.0.32602.201
MinimumVisualStudioVersion = 10.0.40219.1
Project("{9A19103F-16F7-4668-BE54-9A1E7A4F7556}") = "Diamond.Application", "Diamond.Application\Diamond.Application.csproj", "{3CF60E18-AB79-4343-8370-5926EA881ADF}"
EndProject
Project("{9A19103F-16F7-4668-BE54-9A1E7A4F7556}") = "Diamond.Application.UnitTests", "Diamond.Application.UnitTests\Diamond.Application.UnitTests.csproj", "{0117FDAE-154F-47E7-A890-F48A2090D103}"
EndProject
Project("{2150E333-8FDC-42A3-9474-1A3956D46DE8}") = "App", "App", "{A9A25FB3-ADE4-4A35-BBC7-22B0A638BB9B}"
EndProject
Project("{2150E333-8FDC-42A3-9474-1A3956D46DE8}") = "Tests", "Tests", "{8F157CCB-1390-47CD-9BF1-339DF2240B68}"
EndProject
Global
	GlobalSection(SolutionConfigurationPlatforms) = preSolution
		Debug|Any CPU = Debug|Any CPU
		Release|Any CPU = Release|Any CPU
	EndGlobalSection
	GlobalSection(ProjectConfigurationPlatforms) = postSolution
		{3CF60E18-AB79-4343-8370-5926EA881ADF}.Debug|Any CPU.ActiveCfg = Debug|Any CPU
		{3CF60E18-AB79-4343-8370-5926EA881ADF}.Debug|Any CPU.Build.0 = Debug|Any CPU
		{3CF60E18-AB79-4343-8370-5926EA881ADF}.Release|Any CPU.ActiveCfg = Release|Any CPU
		{3CF60E18-AB79-4343-8370-5926EA881ADF}.Release|Any CPU.Build.0 = Release|Any CPU
		{0117FDAE-154F-47E7-A890-F48A2090D103}.Debug|Any CPU.ActiveCfg = Debug|Any CPU
		{0117FDAE-154F-47E7-A890-F48A2090D103}.Debug|Any CPU.Build.0 = Debug|Any CPU
		{0117FDAE-154F-47E7-A890-F48A2090D103}.Release|Any CPU.ActiveCfg = Release|Any CPU
		{0117FDAE-154F-47E7-A890-F48A2090D103}.Release|Any CPU.Build.0 = Release|Any CPU
	EndGlobalSection
	GlobalSection(SolutionProperties) = preSolution
		HideSolutionNode = FALSE
	EndGlobalSection
	GlobalSection(NestedProjects) = preSolution
		{3CF60E18-AB79-4343-8370-5926EA881ADF} = {A9A25FB3-ADE4-4A35-BBC7-22B0A638BB9B}
		{0117FDAE-154F-47E7-A890-F48A2090D103} = {8F157CCB-1390-47CD-9BF1-339DF2240B68}
	EndGlobalSection
	GlobalSection(ExtensibilityGlobals) = postSolution
		SolutionGuid = {39998FE1-D185-470A-AE98-42E33992F2F5}
	EndGlobalSection
EndGlobal
